
Microsoft Visual Studio Solution File, Format Version 12.00
# Visual Studio Version 16
VisualStudioVersion = 16.0.31911.196
MinimumVisualStudioVersion = 10.0.40219.1
Project("{FAE04EC0-301F-11D3-BF4B-00C04F79EFBC}") = "BasicUser.API", "BasicUser.API\BasicUser.API.csproj", "{BAD0E36B-1D13-4B03-8C93-C83A2B453947}"
EndProject
Project("{FAE04EC0-301F-11D3-BF4B-00C04F79EFBC}") = "BasicUser.Model", "BasicUser.Model\BasicUser.Model.csproj", "{FACE2B20-2AC3-45B9-8ED5-ADCE25795DF7}"
EndProject
Global
	GlobalSection(SolutionConfigurationPlatforms) = preSolution
		Debug|Any CPU = Debug|Any CPU
		Release|Any CPU = Release|Any CPU
	EndGlobalSection
	GlobalSection(ProjectConfigurationPlatforms) = postSolution
		{BAD0E36B-1D13-4B03-8C93-C83A2B453947}.Debug|Any CPU.ActiveCfg = Debug|Any CPU
		{BAD0E36B-1D13-4B03-8C93-C83A2B453947}.Debug|Any CPU.Build.0 = Debug|Any CPU
		{BAD0E36B-1D13-4B03-8C93-C83A2B453947}.Release|Any CPU.ActiveCfg = Release|Any CPU
		{BAD0E36B-1D13-4B03-8C93-C83A2B453947}.Release|Any CPU.Build.0 = Release|Any CPU
		{FACE2B20-2AC3-45B9-8ED5-ADCE25795DF7}.Debug|Any CPU.ActiveCfg = Debug|Any CPU
		{FACE2B20-2AC3-45B9-8ED5-ADCE25795DF7}.Debug|Any CPU.Build.0 = Debug|Any CPU
		{FACE2B20-2AC3-45B9-8ED5-ADCE25795DF7}.Release|Any CPU.ActiveCfg = Release|Any CPU
		{FACE2B20-2AC3-45B9-8ED5-ADCE25795DF7}.Release|Any CPU.Build.0 = Release|Any CPU
	EndGlobalSection
	GlobalSection(SolutionProperties) = preSolution
		HideSolutionNode = FALSE
	EndGlobalSection
	GlobalSection(ExtensibilityGlobals) = postSolution
		SolutionGuid = {E6390376-BB7E-473E-9316-365DBA15698F}
	EndGlobalSection
EndGlobal
